<?xml version="1.0" encoding="utf-8"?>
<Project ToolsVersion="4.0" xmlns="http://schemas.microsoft.com/developer/msbuild/2003">
  <ItemGroup>
    <Filter Include="Source Files">
      <UniqueIdentifier>{4FC737F1-C7A5-4376-A066-2A32D752A2FF}</UniqueIdentifier>
      <Extensions>cpp;c;cc;cxx;def;odl;idl;hpj;bat;asm;asmx</Extensions>
    </Filter>
    <Filter Include="Header Files">
      <UniqueIdentifier>{93995380-89BD-4b04-88EB-625FBE52EBFB}</UniqueIdentifier>
      <Extensions>h;hh;hpp;hxx;hm;inl;inc;xsd</Extensions>
    </Filter>
    <Filter Include="Resource Files">
      <UniqueIdentifier>{67DA6AB6-F800-4c08-8B7A-83BB121AAD01}</UniqueIdentifier>
      <Extensions>rc;ico;cur;bmp;dlg;rc2;rct;bin;rgs;gif;jpg;jpeg;jpe;resx;tiff;tif;png;wav;mfcribbon-ms</Extensions>
    </Filter>
    <Filter Include="Header Files\FSM">
      <UniqueIdentifier>{0242c4e2-f568-4626-8623-4b9a4ea2930c}</UniqueIdentifier>
    </Filter>
    <Filter Include="Header Files\FSM\Pet_PDA">
      <UniqueIdentifier>{125ed9c6-a40b-4e5c-ba5f-db6440281eca}</UniqueIdentifier>
    </Filter>
    <Filter Include="Header Files\FSM\Pet_PDA\PetState">
      <UniqueIdentifier>{fe7d8f4e-6c52-416d-85a9-8fc1521611ae}</UniqueIdentifier>
    </Filter>
    <Filter Include="Source Files\FSM">
      <UniqueIdentifier>{7588a4a0-f7e7-43db-b3d7-c4b097f74258}</UniqueIdentifier>
    </Filter>
    <Filter Include="Source Files\FSM\Pet_PDA">
      <UniqueIdentifier>{7996fa77-b9f0-40dc-89c1-a4c28f4aa9e1}</UniqueIdentifier>
    </Filter>
    <Filter Include="Source Files\FSM\Pet_PDA\PetState">
      <UniqueIdentifier>{048ce3df-1274-4bf3-8b9b-41a70657139a}</UniqueIdentifier>
    </Filter>
    <Filter Include="Header Files\Factory">
      <UniqueIdentifier>{369dcd00-b676-436b-b6fa-cdd4fe4a3962}</UniqueIdentifier>
    </Filter>
    <Filter Include="Source Files\Factory">
      <UniqueIdentifier>{55d51739-b6a8-4033-ace3-6e761c03470a}</UniqueIdentifier>
    </Filter>
    <Filter Include="Source Files\Factory\Products">
      <UniqueIdentifier>{ab0758d8-6382-4de9-aa92-fec3d7dd8f09}</UniqueIdentifier>
    </Filter>
    <Filter Include="Header Files\Factory\Products">
      <UniqueIdentifier>{75df1cb7-e42e-4e69-bd47-71bad5c6051d}</UniqueIdentifier>
    </Filter>
  </ItemGroup>
  <ItemGroup>
    <ClCompile Include="Main.cpp">
      <Filter>Source Files</Filter>
    </ClCompile>
    <ClCompile Include="PetGame.cpp">
      <Filter>Source Files</Filter>
    </ClCompile>
    <ClCompile Include="PetState.cpp">
      <Filter>Source Files\FSM\Pet_PDA\PetState</Filter>
    </ClCompile>
    <ClCompile Include="PetState_Idle.cpp">
      <Filter>Source Files\FSM\Pet_PDA\PetState</Filter>
    </ClCompile>
    <ClCompile Include="PetState_Sick.cpp">
      <Filter>Source Files\FSM\Pet_PDA\PetState</Filter>
    </ClCompile>
    <ClCompile Include="PetState_Dead.cpp">
      <Filter>Source Files\FSM\Pet_PDA\PetState</Filter>
    </ClCompile>
    <ClCompile Include="PetState_Default.cpp">
      <Filter>Source Files\FSM\Pet_PDA\PetState</Filter>
    </ClCompile>
    <ClCompile Include="IState.cpp">
      <Filter>Source Files\FSM</Filter>
    </ClCompile>
    <ClCompile Include="PDA_State.cpp">
      <Filter>Source Files\FSM\Pet_PDA</Filter>
    </ClCompile>
    <ClCompile Include="PetData.cpp">
      <Filter>Source Files\FSM\Pet_PDA</Filter>
    </ClCompile>
    <ClCompile Include="StateMachine.cpp">
      <Filter>Source Files\FSM\Pet_PDA</Filter>
    </ClCompile>
    <ClCompile Include="PetFactory.cpp">
      <Filter>Source Files</Filter>
    </ClCompile>
    <ClCompile Include="AbstractFactory.cpp">
      <Filter>Source Files\Factory</Filter>
    </ClCompile>
    <ClCompile Include="Factory_SickFood.cpp">
      <Filter>Source Files\Factory</Filter>
    </ClCompile>
    <ClCompile Include="Factory_HealthyFood.cpp">
      <Filter>Source Files\Factory</Filter>
    </ClCompile>
    <ClCompile Include="Food_Jalapeno.cpp">
      <Filter>Source Files\Factory\Products</Filter>
    </ClCompile>
    <ClCompile Include="Food_Pill.cpp">
      <Filter>Source Files\Factory\Products</Filter>
    </ClCompile>
    <ClCompile Include="Food_Pizza.cpp">
      <Filter>Source Files\Factory\Products</Filter>
    </ClCompile>
    <ClCompile Include="Food_Soup.cpp">
      <Filter>Source Files\Factory\Products</Filter>
    </ClCompile>
    <ClCompile Include="AbstractProduct.cpp">
      <Filter>Source Files\Factory\Products</Filter>
    </ClCompile>
    <ClCompile Include="Printable.cpp">
      <Filter>Source Files</Filter>
    </ClCompile>
    <ClCompile Include="PetInterface.cpp">
      <Filter>Source Files\FSM\Pet_PDA</Filter>
    </ClCompile>
  </ItemGroup>
  <ItemGroup>
    <ClInclude Include="PetGame.h">
      <Filter>Header Files</Filter>
    </ClInclude>
    <ClInclude Include="PetState.h">
      <Filter>Header Files\FSM\Pet_PDA\PetState</Filter>
    </ClInclude>
    <ClInclude Include="PetState_Idle.h">
      <Filter>Header Files\FSM\Pet_PDA\PetState</Filter>
    </ClInclude>
    <ClInclude Include="PetState_Sick.h">
      <Filter>Header Files\FSM\Pet_PDA\PetState</Filter>
    </ClInclude>
    <ClInclude Include="PetState_Dead.h">
      <Filter>Header Files\FSM\Pet_PDA\PetState</Filter>
    </ClInclude>
    <ClInclude Include="PetState_Default.h">
      <Filter>Header Files\FSM\Pet_PDA\PetState</Filter>
    </ClInclude>
    <ClInclude Include="IState.h">
      <Filter>Header Files\FSM</Filter>
    </ClInclude>
    <ClInclude Include="PDA_State.h">
      <Filter>Header Files\FSM\Pet_PDA</Filter>
    </ClInclude>
    <ClInclude Include="PetData.h">
      <Filter>Header Files\FSM\Pet_PDA</Filter>
    </ClInclude>
    <ClInclude Include="StateMachine.h">
      <Filter>Header Files\FSM\Pet_PDA</Filter>
    </ClInclude>
    <ClInclude Include="PetFactory.h">
      <Filter>Header Files</Filter>
    </ClInclude>
    <ClInclude Include="AbstractFactory.h">
      <Filter>Header Files\Factory</Filter>
    </ClInclude>
    <ClInclude Include="Factory_HealthyFood.h">
      <Filter>Header Files\Factory</Filter>
    </ClInclude>
    <ClInclude Include="Factory_SickFood.h">
      <Filter>Header Files\Factory</Filter>
    </ClInclude>
    <ClInclude Include="Food_Jalapeno.h">
      <Filter>Header Files\Factory\Products</Filter>
    </ClInclude>
    <ClInclude Include="Food_Pill.h">
      <Filter>Header Files\Factory\Products</Filter>
    </ClInclude>
    <ClInclude Include="Food_Pizza.h">
      <Filter>Header Files\Factory\Products</Filter>
    </ClInclude>
    <ClInclude Include="Food_Soup.h">
      <Filter>Header Files\Factory\Products</Filter>
    </ClInclude>
    <ClInclude Include="AbstractProduct.h">
      <Filter>Header Files\Factory\Products</Filter>
    </ClInclude>
    <ClInclude Include="Printable.h">
      <Filter>Header Files</Filter>
    </ClInclude>
    <ClInclude Include="PetInterface.h">
      <Filter>Header Files\FSM\Pet_PDA</Filter>
    </ClInclude>
  </ItemGroup>
</Project>